PODS:
  - Alamofire (5.9.1)
  - BaseViewModule (0.0.1)
  - HttpModule (0.0.1):
    - Alamofire
    - ProtobufObjModule
  - ProtobufObjModule (0.0.1):
    - SwiftProtobuf
  - SwiftProtobuf (1.26.0)

DEPENDENCIES:
  - BaseViewModule (from `LocalLibs/BaseViewModule`)
  - HttpModule (from `LocalLibs/HttpModule`)
  - ProtobufObjModule (from `LocalLibs/ProtobufObjModule`)

SPEC REPOS:
  trunk:
    - Alamofire
    - SwiftProtobuf

EXTERNAL SOURCES:
  BaseViewModule:
    :path: LocalLibs/BaseViewModule
  HttpModule:
    :path: LocalLibs/HttpModule
  ProtobufObjModule:
    :path: LocalLibs/ProtobufObjModule

SPEC CHECKSUMS:
  Alamofire: f36a35757af4587d8e4f4bfa223ad10be2422b8c
  BaseViewModule: a6c11f5ad4ceb51805fe0154a64ceeb7c226375d
  HttpModule: 8b390f1010019184ed31eab65e0c24ccf2cc9a08
  ProtobufObjModule: 0fcc4526cbd01a2cb7c4e5f090e9b7672680dc8e
  SwiftProtobuf: 5e8349171e7c2f88f5b9e683cb3cb79d1dc780b3

PODFILE CHECKSUM: d3b6699b541bd2b7e92dee9ef961568a7829dc93

COCOAPODS: 1.15.2
