// !$*UTF8*$!
{
	archiveVersion = 1;
	classes = {
	};
	objectVersion = 56;
	objects = {

/* Begin PBXBuildFile section */
		801F87DF90C37A8D27455BAB /* Pods_SwiftPractiseForCppServer.framework in Frameworks */ = {isa = PBXBuildFile; fileRef = 51677596254EF835C2FCCE52 /* Pods_SwiftPractiseForCppServer.framework */; };
		A442617B2C03947300125BDB /* AppDelegate.swift in Sources */ = {isa = PBXBuildFile; fileRef = A442617A2C03947300125BDB /* AppDelegate.swift */; };
		A44261842C03947400125BDB /* Assets.xcassets in Resources */ = {isa = PBXBuildFile; fileRef = A44261832C03947400125BDB /* Assets.xcassets */; };
		A44261872C03947400125BDB /* Base in Resources */ = {isa = PBXBuildFile; fileRef = A44261862C03947400125BDB /* Base */; };
		A44261A22C04864700125BDB /* XYChatListVC.swift in Sources */ = {isa = PBXBuildFile; fileRef = A44261A02C04864700125BDB /* XYChatListVC.swift */; };
		A44261A32C04864700125BDB /* XYChatVC.swift in Sources */ = {isa = PBXBuildFile; fileRef = A44261A12C04864700125BDB /* XYChatVC.swift */; };
		A44261A52C04866000125BDB /* XYContactsListVC.swift in Sources */ = {isa = PBXBuildFile; fileRef = A44261A42C04866000125BDB /* XYContactsListVC.swift */; };
/* End PBXBuildFile section */

/* Begin PBXFileReference section */
		13B43477F02DC04287F4DFD7 /* Pods-SwiftPractiseForCppServer.debug.xcconfig */ = {isa = PBXFileReference; includeInIndex = 1; lastKnownFileType = text.xcconfig; name = "Pods-SwiftPractiseForCppServer.debug.xcconfig"; path = "Target Support Files/Pods-SwiftPractiseForCppServer/Pods-SwiftPractiseForCppServer.debug.xcconfig"; sourceTree = "<group>"; };
		51677596254EF835C2FCCE52 /* Pods_SwiftPractiseForCppServer.framework */ = {isa = PBXFileReference; explicitFileType = wrapper.framework; includeInIndex = 0; path = Pods_SwiftPractiseForCppServer.framework; sourceTree = BUILT_PRODUCTS_DIR; };
		A44261772C03947300125BDB /* SwiftPractiseForCppServer.app */ = {isa = PBXFileReference; explicitFileType = wrapper.application; includeInIndex = 0; path = SwiftPractiseForCppServer.app; sourceTree = BUILT_PRODUCTS_DIR; };
		A442617A2C03947300125BDB /* AppDelegate.swift */ = {isa = PBXFileReference; lastKnownFileType = sourcecode.swift; path = AppDelegate.swift; sourceTree = "<group>"; };
		A44261832C03947400125BDB /* Assets.xcassets */ = {isa = PBXFileReference; lastKnownFileType = folder.assetcatalog; path = Assets.xcassets; sourceTree = "<group>"; };
		A44261862C03947400125BDB /* Base */ = {isa = PBXFileReference; lastKnownFileType = file.storyboard; name = Base; path = Base.lproj/LaunchScreen.storyboard; sourceTree = "<group>"; };
		A44261882C03947400125BDB /* Info.plist */ = {isa = PBXFileReference; lastKnownFileType = text.plist.xml; path = Info.plist; sourceTree = "<group>"; };
		A44261A02C04864700125BDB /* XYChatListVC.swift */ = {isa = PBXFileReference; fileEncoding = 4; lastKnownFileType = sourcecode.swift; path = XYChatListVC.swift; sourceTree = "<group>"; };
		A44261A12C04864700125BDB /* XYChatVC.swift */ = {isa = PBXFileReference; fileEncoding = 4; lastKnownFileType = sourcecode.swift; path = XYChatVC.swift; sourceTree = "<group>"; };
		A44261A42C04866000125BDB /* XYContactsListVC.swift */ = {isa = PBXFileReference; fileEncoding = 4; lastKnownFileType = sourcecode.swift; path = XYContactsListVC.swift; sourceTree = "<group>"; };
		D536B70480C49A165E09DFD1 /* Pods-SwiftPractiseForCppServer.release.xcconfig */ = {isa = PBXFileReference; includeInIndex = 1; lastKnownFileType = text.xcconfig; name = "Pods-SwiftPractiseForCppServer.release.xcconfig"; path = "Target Support Files/Pods-SwiftPractiseForCppServer/Pods-SwiftPractiseForCppServer.release.xcconfig"; sourceTree = "<group>"; };
/* End PBXFileReference section */

/* Begin PBXFrameworksBuildPhase section */
		A44261742C03947300125BDB /* Frameworks */ = {
			isa = PBXFrameworksBuildPhase;
			buildActionMask = 2147483647;
			files = (
				801F87DF90C37A8D27455BAB /* Pods_SwiftPractiseForCppServer.framework in Frameworks */,
			);
			runOnlyForDeploymentPostprocessing = 0;
		};
/* End PBXFrameworksBuildPhase section */

/* Begin PBXGroup section */
		1F76B36D7798D6F6E8EBF09B /* Pods */ = {
			isa = PBXGroup;
			children = (
				13B43477F02DC04287F4DFD7 /* Pods-SwiftPractiseForCppServer.debug.xcconfig */,
				D536B70480C49A165E09DFD1 /* Pods-SwiftPractiseForCppServer.release.xcconfig */,
			);
			path = Pods;
			sourceTree = "<group>";
		};
		A442616E2C03947300125BDB = {
			isa = PBXGroup;
			children = (
				A44261792C03947300125BDB /* SwiftPractiseForCppServer */,
				A44261782C03947300125BDB /* Products */,
				1F76B36D7798D6F6E8EBF09B /* Pods */,
				B4F3902F470410B0988FAB54 /* Frameworks */,
			);
			sourceTree = "<group>";
		};
		A44261782C03947300125BDB /* Products */ = {
			isa = PBXGroup;
			children = (
				A44261772C03947300125BDB /* SwiftPractiseForCppServer.app */,
			);
			name = Products;
			sourceTree = "<group>";
		};
		A44261792C03947300125BDB /* SwiftPractiseForCppServer */ = {
			isa = PBXGroup;
			children = (
				A44261952C041D2600125BDB /* Tabbar1 */,
				A44261962C041D6600125BDB /* Tabbar2 */,
				A442617A2C03947300125BDB /* AppDelegate.swift */,
				A44261832C03947400125BDB /* Assets.xcassets */,
				A44261852C03947400125BDB /* LaunchScreen.storyboard */,
				A44261882C03947400125BDB /* Info.plist */,
			);
			path = SwiftPractiseForCppServer;
			sourceTree = "<group>";
		};
		A44261952C041D2600125BDB /* Tabbar1 */ = {
			isa = PBXGroup;
			children = (
				A44261A02C04864700125BDB /* XYChatListVC.swift */,
				A44261A12C04864700125BDB /* XYChatVC.swift */,
			);
			path = Tabbar1;
			sourceTree = "<group>";
		};
		A44261962C041D6600125BDB /* Tabbar2 */ = {
			isa = PBXGroup;
			children = (
				A44261A42C04866000125BDB /* XYContactsListVC.swift */,
			);
			path = Tabbar2;
			sourceTree = "<group>";
		};
		B4F3902F470410B0988FAB54 /* Frameworks */ = {
			isa = PBXGroup;
			children = (
				51677596254EF835C2FCCE52 /* Pods_SwiftPractiseForCppServer.framework */,
			);
			name = Frameworks;
			sourceTree = "<group>";
		};
/* End PBXGroup section */

/* Begin PBXNativeTarget section */
		A44261762C03947300125BDB /* SwiftPractiseForCppServer */ = {
			isa = PBXNativeTarget;
			buildConfigurationList = A442618B2C03947400125BDB /* Build configuration list for PBXNativeTarget "SwiftPractiseForCppServer" */;
			buildPhases = (
				5BAE1E80875F1A7B6D35D0FC /* [CP] Check Pods Manifest.lock */,
				A44261732C03947300125BDB /* Sources */,
				A44261742C03947300125BDB /* Frameworks */,
				A44261752C03947300125BDB /* Resources */,
				24C710CA6D1E2558482946CB /* [CP] Embed Pods Frameworks */,
			);
			buildRules = (
			);
			dependencies = (
			);
			name = SwiftPractiseForCppServer;
			productName = SwiftPractiseForCppServer;
			productReference = A44261772C03947300125BDB /* SwiftPractiseForCppServer.app */;
			productType = "com.apple.product-type.application";
		};
/* End PBXNativeTarget section */

/* Begin PBXProject section */
		A442616F2C03947300125BDB /* Project object */ = {
			isa = PBXProject;
			attributes = {
				BuildIndependentTargetsInParallel = 1;
				LastSwiftUpdateCheck = 1540;
				LastUpgradeCheck = 1540;
				TargetAttributes = {
					A44261762C03947300125BDB = {
						CreatedOnToolsVersion = 15.4;
					};
				};
			};
			buildConfigurationList = A44261722C03947300125BDB /* Build configuration list for PBXProject "SwiftPractiseForCppServer" */;
			compatibilityVersion = "Xcode 14.0";
			developmentRegion = en;
			hasScannedForEncodings = 0;
			knownRegions = (
				en,
				Base,
			);
			mainGroup = A442616E2C03947300125BDB;
			productRefGroup = A44261782C03947300125BDB /* Products */;
			projectDirPath = "";
			projectRoot = "";
			targets = (
				A44261762C03947300125BDB /* SwiftPractiseForCppServer */,
			);
		};
/* End PBXProject section */

/* Begin PBXResourcesBuildPhase section */
		A44261752C03947300125BDB /* Resources */ = {
			isa = PBXResourcesBuildPhase;
			buildActionMask = 2147483647;
			files = (
				A44261842C03947400125BDB /* Assets.xcassets in Resources */,
				A44261872C03947400125BDB /* Base in Resources */,
			);
			runOnlyForDeploymentPostprocessing = 0;
		};
/* End PBXResourcesBuildPhase section */

/* Begin PBXShellScriptBuildPhase section */
		24C710CA6D1E2558482946CB /* [CP] Embed Pods Frameworks */ = {
			isa = PBXShellScriptBuildPhase;
			buildActionMask = 2147483647;
			files = (
			);
			inputFileListPaths = (
				"${PODS_ROOT}/Target Support Files/Pods-SwiftPractiseForCppServer/Pods-SwiftPractiseForCppServer-frameworks-${CONFIGURATION}-input-files.xcfilelist",
			);
			name = "[CP] Embed Pods Frameworks";
			outputFileListPaths = (
				"${PODS_ROOT}/Target Support Files/Pods-SwiftPractiseForCppServer/Pods-SwiftPractiseForCppServer-frameworks-${CONFIGURATION}-output-files.xcfilelist",
			);
			runOnlyForDeploymentPostprocessing = 0;
			shellPath = /bin/sh;
			shellScript = "\"${PODS_ROOT}/Target Support Files/Pods-SwiftPractiseForCppServer/Pods-SwiftPractiseForCppServer-frameworks.sh\"\n";
			showEnvVarsInLog = 0;
		};
		5BAE1E80875F1A7B6D35D0FC /* [CP] Check Pods Manifest.lock */ = {
			isa = PBXShellScriptBuildPhase;
			buildActionMask = 2147483647;
			files = (
			);
			inputFileListPaths = (
			);
			inputPaths = (
				"${PODS_PODFILE_DIR_PATH}/Podfile.lock",
				"${PODS_ROOT}/Manifest.lock",
			);
			name = "[CP] Check Pods Manifest.lock";
			outputFileListPaths = (
			);
			outputPaths = (
				"$(DERIVED_FILE_DIR)/Pods-SwiftPractiseForCppServer-checkManifestLockResult.txt",
			);
			runOnlyForDeploymentPostprocessing = 0;
			shellPath = /bin/sh;
			shellScript = "diff \"${PODS_PODFILE_DIR_PATH}/Podfile.lock\" \"${PODS_ROOT}/Manifest.lock\" > /dev/null\nif [ $? != 0 ] ; then\n    # print error to STDERR\n    echo \"error: The sandbox is not in sync with the Podfile.lock. Run 'pod install' or update your CocoaPods installation.\" >&2\n    exit 1\nfi\n# This output is used by Xcode 'outputs' to avoid re-running this script phase.\necho \"SUCCESS\" > \"${SCRIPT_OUTPUT_FILE_0}\"\n";
			showEnvVarsInLog = 0;
		};
/* End PBXShellScriptBuildPhase section */

/* Begin PBXSourcesBuildPhase section */
		A44261732C03947300125BDB /* Sources */ = {
			isa = PBXSourcesBuildPhase;
			buildActionMask = 2147483647;
			files = (
				A442617B2C03947300125BDB /* AppDelegate.swift in Sources */,
				A44261A22C04864700125BDB /* XYChatListVC.swift in Sources */,
				A44261A52C04866000125BDB /* XYContactsListVC.swift in Sources */,
				A44261A32C04864700125BDB /* XYChatVC.swift in Sources */,
			);
			runOnlyForDeploymentPostprocessing = 0;
		};
/* End PBXSourcesBuildPhase section */

/* Begin PBXVariantGroup section */
		A44261852C03947400125BDB /* LaunchScreen.storyboard */ = {
			isa = PBXVariantGroup;
			children = (
				A44261862C03947400125BDB /* Base */,
			);
			name = LaunchScreen.storyboard;
			sourceTree = "<group>";
		};
/* End PBXVariantGroup section */

/* Begin XCBuildConfiguration section */
		A44261892C03947400125BDB /* Debug */ = {
			isa = XCBuildConfiguration;
			buildSettings = {
				ALWAYS_SEARCH_USER_PATHS = NO;
				ASSETCATALOG_COMPILER_GENERATE_SWIFT_ASSET_SYMBOL_EXTENSIONS = YES;
				CLANG_ANALYZER_NONNULL = YES;
				CLANG_ANALYZER_NUMBER_OBJECT_CONVERSION = YES_AGGRESSIVE;
				CLANG_CXX_LANGUAGE_STANDARD = "gnu++20";
				CLANG_ENABLE_MODULES = YES;
				CLANG_ENABLE_OBJC_ARC = YES;
				CLANG_ENABLE_OBJC_WEAK = YES;
				CLANG_WARN_BLOCK_CAPTURE_AUTORELEASING = YES;
				CLANG_WARN_BOOL_CONVERSION = YES;
				CLANG_WARN_COMMA = YES;
				CLANG_WARN_CONSTANT_CONVERSION = YES;
				CLANG_WARN_DEPRECATED_OBJC_IMPLEMENTATIONS = YES;
				CLANG_WARN_DIRECT_OBJC_ISA_USAGE = YES_ERROR;
				CLANG_WARN_DOCUMENTATION_COMMENTS = YES;
				CLANG_WARN_EMPTY_BODY = YES;
				CLANG_WARN_ENUM_CONVERSION = YES;
				CLANG_WARN_INFINITE_RECURSION = YES;
				CLANG_WARN_INT_CONVERSION = YES;
				CLANG_WARN_NON_LITERAL_NULL_CONVERSION = YES;
				CLANG_WARN_OBJC_IMPLICIT_RETAIN_SELF = YES;
				CLANG_WARN_OBJC_LITERAL_CONVERSION = YES;
				CLANG_WARN_OBJC_ROOT_CLASS = YES_ERROR;
				CLANG_WARN_QUOTED_INCLUDE_IN_FRAMEWORK_HEADER = YES;
				CLANG_WARN_RANGE_LOOP_ANALYSIS = YES;
				CLANG_WARN_STRICT_PROTOTYPES = YES;
				CLANG_WARN_SUSPICIOUS_MOVE = YES;
				CLANG_WARN_UNGUARDED_AVAILABILITY = YES_AGGRESSIVE;
				CLANG_WARN_UNREACHABLE_CODE = YES;
				CLANG_WARN__DUPLICATE_METHOD_MATCH = YES;
				COPY_PHASE_STRIP = NO;
				DEBUG_INFORMATION_FORMAT = dwarf;
				ENABLE_STRICT_OBJC_MSGSEND = YES;
				ENABLE_TESTABILITY = YES;
				ENABLE_USER_SCRIPT_SANDBOXING = YES;
				GCC_C_LANGUAGE_STANDARD = gnu17;
				GCC_DYNAMIC_NO_PIC = NO;
				GCC_NO_COMMON_BLOCKS = YES;
				GCC_OPTIMIZATION_LEVEL = 0;
				GCC_PREPROCESSOR_DEFINITIONS = (
					"DEBUG=1",
					"$(inherited)",
				);
				GCC_WARN_64_TO_32_BIT_CONVERSION = YES;
				GCC_WARN_ABOUT_RETURN_TYPE = YES_ERROR;
				GCC_WARN_UNDECLARED_SELECTOR = YES;
				GCC_WARN_UNINITIALIZED_AUTOS = YES_AGGRESSIVE;
				GCC_WARN_UNUSED_FUNCTION = YES;
				GCC_WARN_UNUSED_VARIABLE = YES;
				IPHONEOS_DEPLOYMENT_TARGET = 17.5;
				LOCALIZATION_PREFERS_STRING_CATALOGS = YES;
				MTL_ENABLE_DEBUG_INFO = INCLUDE_SOURCE;
				MTL_FAST_MATH = YES;
				ONLY_ACTIVE_ARCH = YES;
				SDKROOT = iphoneos;
				SWIFT_ACTIVE_COMPILATION_CONDITIONS = "DEBUG $(inherited)";
				SWIFT_OPTIMIZATION_LEVEL = "-Onone";
			};
			name = Debug;
		};
		A442618A2C03947400125BDB /* Release */ = {
			isa = XCBuildConfiguration;
			buildSettings = {
				ALWAYS_SEARCH_USER_PATHS = NO;
				ASSETCATALOG_COMPILER_GENERATE_SWIFT_ASSET_SYMBOL_EXTENSIONS = YES;
				CLANG_ANALYZER_NONNULL = YES;
				CLANG_ANALYZER_NUMBER_OBJECT_CONVERSION = YES_AGGRESSIVE;
				CLANG_CXX_LANGUAGE_STANDARD = "gnu++20";
				CLANG_ENABLE_MODULES = YES;
				CLANG_ENABLE_OBJC_ARC = YES;
				CLANG_ENABLE_OBJC_WEAK = YES;
				CLANG_WARN_BLOCK_CAPTURE_AUTORELEASING = YES;
				CLANG_WARN_BOOL_CONVERSION = YES;
				CLANG_WARN_COMMA = YES;
				CLANG_WARN_CONSTANT_CONVERSION = YES;
				CLANG_WARN_DEPRECATED_OBJC_IMPLEMENTATIONS = YES;
				CLANG_WARN_DIRECT_OBJC_ISA_USAGE = YES_ERROR;
				CLANG_WARN_DOCUMENTATION_COMMENTS = YES;
				CLANG_WARN_EMPTY_BODY = YES;
				CLANG_WARN_ENUM_CONVERSION = YES;
				CLANG_WARN_INFINITE_RECURSION = YES;
				CLANG_WARN_INT_CONVERSION = YES;
				CLANG_WARN_NON_LITERAL_NULL_CONVERSION = YES;
				CLANG_WARN_OBJC_IMPLICIT_RETAIN_SELF = YES;
				CLANG_WARN_OBJC_LITERAL_CONVERSION = YES;
				CLANG_WARN_OBJC_ROOT_CLASS = YES_ERROR;
				CLANG_WARN_QUOTED_INCLUDE_IN_FRAMEWORK_HEADER = YES;
				CLANG_WARN_RANGE_LOOP_ANALYSIS = YES;
				CLANG_WARN_STRICT_PROTOTYPES = YES;
				CLANG_WARN_SUSPICIOUS_MOVE = YES;
				CLANG_WARN_UNGUARDED_AVAILABILITY = YES_AGGRESSIVE;
				CLANG_WARN_UNREACHABLE_CODE = YES;
				CLANG_WARN__DUPLICATE_METHOD_MATCH = YES;
				COPY_PHASE_STRIP = NO;
				DEBUG_INFORMATION_FORMAT = "dwarf-with-dsym";
				ENABLE_NS_ASSERTIONS = NO;
				ENABLE_STRICT_OBJC_MSGSEND = YES;
				ENABLE_USER_SCRIPT_SANDBOXING = YES;
				GCC_C_LANGUAGE_STANDARD = gnu17;
				GCC_NO_COMMON_BLOCKS = YES;
				GCC_WARN_64_TO_32_BIT_CONVERSION = YES;
				GCC_WARN_ABOUT_RETURN_TYPE = YES_ERROR;
				GCC_WARN_UNDECLARED_SELECTOR = YES;
				GCC_WARN_UNINITIALIZED_AUTOS = YES_AGGRESSIVE;
				GCC_WARN_UNUSED_FUNCTION = YES;
				GCC_WARN_UNUSED_VARIABLE = YES;
				IPHONEOS_DEPLOYMENT_TARGET = 17.5;
				LOCALIZATION_PREFERS_STRING_CATALOGS = YES;
				MTL_ENABLE_DEBUG_INFO = NO;
				MTL_FAST_MATH = YES;
				SDKROOT = iphoneos;
				SWIFT_COMPILATION_MODE = wholemodule;
				VALIDATE_PRODUCT = YES;
			};
			name = Release;
		};
		A442618C2C03947400125BDB /* Debug */ = {
			isa = XCBuildConfiguration;
			baseConfigurationReference = 13B43477F02DC04287F4DFD7 /* Pods-SwiftPractiseForCppServer.debug.xcconfig */;
			buildSettings = {
				ASSETCATALOG_COMPILER_APPICON_NAME = AppIcon;
				ASSETCATALOG_COMPILER_GLOBAL_ACCENT_COLOR_NAME = AccentColor;
				CODE_SIGN_STYLE = Automatic;
				CURRENT_PROJECT_VERSION = 1;
				ENABLE_USER_SCRIPT_SANDBOXING = NO;
				GENERATE_INFOPLIST_FILE = YES;
				INFOPLIST_FILE = SwiftPractiseForCppServer/Info.plist;
				INFOPLIST_KEY_UIApplicationSupportsIndirectInputEvents = YES;
				INFOPLIST_KEY_UILaunchStoryboardName = LaunchScreen;
				INFOPLIST_KEY_UISupportedInterfaceOrientations_iPad = "UIInterfaceOrientationPortrait UIInterfaceOrientationPortraitUpsideDown UIInterfaceOrientationLandscapeLeft UIInterfaceOrientationLandscapeRight";
				INFOPLIST_KEY_UISupportedInterfaceOrientations_iPhone = "UIInterfaceOrientationPortrait UIInterfaceOrientationLandscapeLeft UIInterfaceOrientationLandscapeRight";
				IPHONEOS_DEPLOYMENT_TARGET = 13.0;
				LD_RUNPATH_SEARCH_PATHS = (
					"$(inherited)",
					"@executable_path/Frameworks",
				);
				MARKETING_VERSION = 1.0;
				PRODUCT_BUNDLE_IDENTIFIER = Aventador.SwiftPractiseForCppServer;
				PRODUCT_NAME = "$(TARGET_NAME)";
				SWIFT_EMIT_LOC_STRINGS = YES;
				SWIFT_VERSION = 5.0;
				TARGETED_DEVICE_FAMILY = "1,2";
			};
			name = Debug;
		};
		A442618D2C03947400125BDB /* Release */ = {
			isa = XCBuildConfiguration;
			baseConfigurationReference = D536B70480C49A165E09DFD1 /* Pods-SwiftPractiseForCppServer.release.xcconfig */;
			buildSettings = {
				ASSETCATALOG_COMPILER_APPICON_NAME = AppIcon;
				ASSETCATALOG_COMPILER_GLOBAL_ACCENT_COLOR_NAME = AccentColor;
				CODE_SIGN_STYLE = Automatic;
				CURRENT_PROJECT_VERSION = 1;
				ENABLE_USER_SCRIPT_SANDBOXING = NO;
				GENERATE_INFOPLIST_FILE = YES;
				INFOPLIST_FILE = SwiftPractiseForCppServer/Info.plist;
				INFOPLIST_KEY_UIApplicationSupportsIndirectInputEvents = YES;
				INFOPLIST_KEY_UILaunchStoryboardName = LaunchScreen;
				INFOPLIST_KEY_UISupportedInterfaceOrientations_iPad = "UIInterfaceOrientationPortrait UIInterfaceOrientationPortraitUpsideDown UIInterfaceOrientationLandscapeLeft UIInterfaceOrientationLandscapeRight";
				INFOPLIST_KEY_UISupportedInterfaceOrientations_iPhone = "UIInterfaceOrientationPortrait UIInterfaceOrientationLandscapeLeft UIInterfaceOrientationLandscapeRight";
				IPHONEOS_DEPLOYMENT_TARGET = 13.0;
				LD_RUNPATH_SEARCH_PATHS = (
					"$(inherited)",
					"@executable_path/Frameworks",
				);
				MARKETING_VERSION = 1.0;
				PRODUCT_BUNDLE_IDENTIFIER = Aventador.SwiftPractiseForCppServer;
				PRODUCT_NAME = "$(TARGET_NAME)";
				SWIFT_EMIT_LOC_STRINGS = YES;
				SWIFT_VERSION = 5.0;
				TARGETED_DEVICE_FAMILY = "1,2";
			};
			name = Release;
		};
/* End XCBuildConfiguration section */

/* Begin XCConfigurationList section */
		A44261722C03947300125BDB /* Build configuration list for PBXProject "SwiftPractiseForCppServer" */ = {
			isa = XCConfigurationList;
			buildConfigurations = (
				A44261892C03947400125BDB /* Debug */,
				A442618A2C03947400125BDB /* Release */,
			);
			defaultConfigurationIsVisible = 0;
			defaultConfigurationName = Release;
		};
		A442618B2C03947400125BDB /* Build configuration list for PBXNativeTarget "SwiftPractiseForCppServer" */ = {
			isa = XCConfigurationList;
			buildConfigurations = (
				A442618C2C03947400125BDB /* Debug */,
				A442618D2C03947400125BDB /* Release */,
			);
			defaultConfigurationIsVisible = 0;
			defaultConfigurationName = Release;
		};
/* End XCConfigurationList section */
	};
	rootObject = A442616F2C03947300125BDB /* Project object */;
}
